
Microsoft Visual Studio Solution File, Format Version 12.00
# Visual Studio Version 17
VisualStudioVersion = 17.13.35931.197 d17.13
MinimumVisualStudioVersion = 10.0.40219.1
Project("{FAE04EC0-301F-11D3-BF4B-00C04F79EFBC}") = "WpfApp3", "WpfApp3\WpfApp3.csproj", "{C41CFCA0-2DC0-4AD9-8897-3CADAB53677C}"
EndProject
Global
	GlobalSection(SolutionConfigurationPlatforms) = preSolution
		Debug|Any CPU = Debug|Any CPU
		Release|Any CPU = Release|Any CPU
	EndGlobalSection
	GlobalSection(ProjectConfigurationPlatforms) = postSolution
		{C41CFCA0-2DC0-4AD9-8897-3CADAB53677C}.Debug|Any CPU.ActiveCfg = Debug|Any CPU
		{C41CFCA0-2DC0-4AD9-8897-3CADAB53677C}.Debug|Any CPU.Build.0 = Debug|Any CPU
		{C41CFCA0-2DC0-4AD9-8897-3CADAB53677C}.Release|Any CPU.ActiveCfg = Release|Any CPU
		{C41CFCA0-2DC0-4AD9-8897-3CADAB53677C}.Release|Any CPU.Build.0 = Release|Any CPU
	EndGlobalSection
	GlobalSection(SolutionProperties) = preSolution
		HideSolutionNode = FALSE
	EndGlobalSection
	GlobalSection(ExtensibilityGlobals) = postSolution
		SolutionGuid = {03223BF3-9373-4007-BD3D-01604C4AB78E}
	EndGlobalSection
EndGlobal
