
Microsoft Visual Studio Solution File, Format Version 12.00
# Visual Studio Version 17
VisualStudioVersion = 17.11.35312.102
MinimumVisualStudioVersion = 10.0.40219.1
Project("{FAE04EC0-301F-11D3-BF4B-00C04F79EFBC}") = "WpfApp4_2", "WpfApp4_2\WpfApp4_2.csproj", "{38740877-2B74-4B8C-A7F6-66034240CDBE}"
EndProject
Global
	GlobalSection(SolutionConfigurationPlatforms) = preSolution
		Debug|Any CPU = Debug|Any CPU
		Release|Any CPU = Release|Any CPU
	EndGlobalSection
	GlobalSection(ProjectConfigurationPlatforms) = postSolution
		{38740877-2B74-4B8C-A7F6-66034240CDBE}.Debug|Any CPU.ActiveCfg = Debug|Any CPU
		{38740877-2B74-4B8C-A7F6-66034240CDBE}.Debug|Any CPU.Build.0 = Debug|Any CPU
		{38740877-2B74-4B8C-A7F6-66034240CDBE}.Release|Any CPU.ActiveCfg = Release|Any CPU
		{38740877-2B74-4B8C-A7F6-66034240CDBE}.Release|Any CPU.Build.0 = Release|Any CPU
	EndGlobalSection
	GlobalSection(SolutionProperties) = preSolution
		HideSolutionNode = FALSE
	EndGlobalSection
	GlobalSection(ExtensibilityGlobals) = postSolution
		SolutionGuid = {76110570-C7DE-4FE7-AF42-B8ED0C5FD04B}
	EndGlobalSection
EndGlobal
